
Microsoft Visual Studio Solution File, Format Version 12.00
# Visual Studio Version 17
VisualStudioVersion = 17.0.31903.59
MinimumVisualStudioVersion = 10.0.40219.1
Project("{9A19103F-16F7-4668-BE54-9A1E7A4F7556}") = "SC.v1.Core", "SC.v1.Core\SC.v1.Core.csproj", "{7BA2906D-4F64-45E8-8C9F-BA3C3118D947}"
	ProjectSection(ProjectDependencies) = postProject
		{10267D2A-43FA-49C1-80D2-9FBFB8EE5EBC} = {10267D2A-43FA-49C1-80D2-9FBFB8EE5EBC}
	EndProjectSection
EndProject
Project("{9A19103F-16F7-4668-BE54-9A1E7A4F7556}") = "SC.v1.Presentation", "SC.v1.Presentation\SC.v1.Presentation.csproj", "{284866E7-F672-456C-9216-E95B24A73FE9}"
EndProject
Project("{9A19103F-16F7-4668-BE54-9A1E7A4F7556}") = "SC.v1.Test", "SC.v1.Test\SC.v1.Test.csproj", "{E3612E1B-FC0F-4764-A253-F375AFDB143A}"
EndProject
Project("{9A19103F-16F7-4668-BE54-9A1E7A4F7556}") = "SC.v1.Data.Domain", "SC.v1.Data\SC.v1.Data.Domain\SC.v1.Data.Domain.csproj", "{10267D2A-43FA-49C1-80D2-9FBFB8EE5EBC}"
EndProject
Project("{9A19103F-16F7-4668-BE54-9A1E7A4F7556}") = "SC.v1.Data.Persistence", "SC.v1.Data\SC.v1.Data.Persistence\SC.v1.Data.Persistence.csproj", "{7E6C1D5E-7585-4708-AA65-00BBAFC0216B}"
	ProjectSection(ProjectDependencies) = postProject
		{7BA2906D-4F64-45E8-8C9F-BA3C3118D947} = {7BA2906D-4F64-45E8-8C9F-BA3C3118D947}
	EndProjectSection
EndProject
Project("{2150E333-8FDC-42A3-9474-1A3956D46DE8}") = "Data", "Data", "{568F94BE-8A0E-4AC1-B1C7-450245601794}"
EndProject
Project("{2150E333-8FDC-42A3-9474-1A3956D46DE8}") = "Common", "Common", "{F7C4D9B6-3EA9-4EDE-BF16-DCC1FA28D23A}"
EndProject
Project("{2150E333-8FDC-42A3-9474-1A3956D46DE8}") = "Core", "Core", "{B377FE4B-F130-40BF-AA63-04F76AF6E773}"
EndProject
Project("{2150E333-8FDC-42A3-9474-1A3956D46DE8}") = "Presentation", "Presentation", "{AE65694A-005A-4870-9E01-21229B5C86A5}"
EndProject
Project("{2150E333-8FDC-42A3-9474-1A3956D46DE8}") = "Tests", "Tests", "{7E6ABBE3-950F-402E-A7D4-29A07D043D49}"
EndProject
Project("{2150E333-8FDC-42A3-9474-1A3956D46DE8}") = "Apis", "Apis", "{20B332CA-10B2-4336-9443-6FD1670DBE94}"
EndProject
Project("{2150E333-8FDC-42A3-9474-1A3956D46DE8}") = "ManagementOrders", "ManagementOrders", "{1CE32712-5BA9-448E-BF44-E4A2CDDBC042}"
EndProject
Project("{FAE04EC0-301F-11D3-BF4B-00C04F79EFBC}") = "ManagementOrders.Domain", "ManagementOrders.Domain\ManagementOrders.Domain.csproj", "{B0D1340D-25DA-451A-9421-8B312F21AC9D}"
EndProject
Project("{FAE04EC0-301F-11D3-BF4B-00C04F79EFBC}") = "ManagementOrders.Persistence", "ManagementOrders.Persistence\ManagementOrders.Persistence.csproj", "{66CC5826-31EC-4428-B05A-5BCD7A0D5A34}"
EndProject
Project("{FAE04EC0-301F-11D3-BF4B-00C04F79EFBC}") = "ManagementOrders.Service", "ManagementOrders.Service\ManagementOrders.Service.csproj", "{25EE39E0-4E11-4D2A-BD76-969DD572DE6F}"
EndProject
Global
	GlobalSection(SolutionConfigurationPlatforms) = preSolution
		Debug|Any CPU = Debug|Any CPU
		Release|Any CPU = Release|Any CPU
	EndGlobalSection
	GlobalSection(ProjectConfigurationPlatforms) = postSolution
		{7BA2906D-4F64-45E8-8C9F-BA3C3118D947}.Debug|Any CPU.ActiveCfg = Debug|Any CPU
		{7BA2906D-4F64-45E8-8C9F-BA3C3118D947}.Debug|Any CPU.Build.0 = Debug|Any CPU
		{7BA2906D-4F64-45E8-8C9F-BA3C3118D947}.Release|Any CPU.ActiveCfg = Release|Any CPU
		{7BA2906D-4F64-45E8-8C9F-BA3C3118D947}.Release|Any CPU.Build.0 = Release|Any CPU
		{284866E7-F672-456C-9216-E95B24A73FE9}.Debug|Any CPU.ActiveCfg = Debug|Any CPU
		{284866E7-F672-456C-9216-E95B24A73FE9}.Debug|Any CPU.Build.0 = Debug|Any CPU
		{284866E7-F672-456C-9216-E95B24A73FE9}.Release|Any CPU.ActiveCfg = Release|Any CPU
		{284866E7-F672-456C-9216-E95B24A73FE9}.Release|Any CPU.Build.0 = Release|Any CPU
		{E3612E1B-FC0F-4764-A253-F375AFDB143A}.Debug|Any CPU.ActiveCfg = Debug|Any CPU
		{E3612E1B-FC0F-4764-A253-F375AFDB143A}.Debug|Any CPU.Build.0 = Debug|Any CPU
		{E3612E1B-FC0F-4764-A253-F375AFDB143A}.Release|Any CPU.ActiveCfg = Release|Any CPU
		{E3612E1B-FC0F-4764-A253-F375AFDB143A}.Release|Any CPU.Build.0 = Release|Any CPU
		{10267D2A-43FA-49C1-80D2-9FBFB8EE5EBC}.Debug|Any CPU.ActiveCfg = Debug|Any CPU
		{10267D2A-43FA-49C1-80D2-9FBFB8EE5EBC}.Debug|Any CPU.Build.0 = Debug|Any CPU
		{10267D2A-43FA-49C1-80D2-9FBFB8EE5EBC}.Release|Any CPU.ActiveCfg = Release|Any CPU
		{10267D2A-43FA-49C1-80D2-9FBFB8EE5EBC}.Release|Any CPU.Build.0 = Release|Any CPU
		{7E6C1D5E-7585-4708-AA65-00BBAFC0216B}.Debug|Any CPU.ActiveCfg = Debug|Any CPU
		{7E6C1D5E-7585-4708-AA65-00BBAFC0216B}.Debug|Any CPU.Build.0 = Debug|Any CPU
		{7E6C1D5E-7585-4708-AA65-00BBAFC0216B}.Release|Any CPU.ActiveCfg = Release|Any CPU
		{7E6C1D5E-7585-4708-AA65-00BBAFC0216B}.Release|Any CPU.Build.0 = Release|Any CPU
		{B0D1340D-25DA-451A-9421-8B312F21AC9D}.Debug|Any CPU.ActiveCfg = Debug|Any CPU
		{B0D1340D-25DA-451A-9421-8B312F21AC9D}.Debug|Any CPU.Build.0 = Debug|Any CPU
		{B0D1340D-25DA-451A-9421-8B312F21AC9D}.Release|Any CPU.ActiveCfg = Release|Any CPU
		{B0D1340D-25DA-451A-9421-8B312F21AC9D}.Release|Any CPU.Build.0 = Release|Any CPU
		{66CC5826-31EC-4428-B05A-5BCD7A0D5A34}.Debug|Any CPU.ActiveCfg = Debug|Any CPU
		{66CC5826-31EC-4428-B05A-5BCD7A0D5A34}.Debug|Any CPU.Build.0 = Debug|Any CPU
		{66CC5826-31EC-4428-B05A-5BCD7A0D5A34}.Release|Any CPU.ActiveCfg = Release|Any CPU
		{66CC5826-31EC-4428-B05A-5BCD7A0D5A34}.Release|Any CPU.Build.0 = Release|Any CPU
		{25EE39E0-4E11-4D2A-BD76-969DD572DE6F}.Debug|Any CPU.ActiveCfg = Debug|Any CPU
		{25EE39E0-4E11-4D2A-BD76-969DD572DE6F}.Debug|Any CPU.Build.0 = Debug|Any CPU
		{25EE39E0-4E11-4D2A-BD76-969DD572DE6F}.Release|Any CPU.ActiveCfg = Release|Any CPU
		{25EE39E0-4E11-4D2A-BD76-969DD572DE6F}.Release|Any CPU.Build.0 = Release|Any CPU
	EndGlobalSection
	GlobalSection(SolutionProperties) = preSolution
		HideSolutionNode = FALSE
	EndGlobalSection
	GlobalSection(NestedProjects) = preSolution
		{7BA2906D-4F64-45E8-8C9F-BA3C3118D947} = {B377FE4B-F130-40BF-AA63-04F76AF6E773}
		{284866E7-F672-456C-9216-E95B24A73FE9} = {20B332CA-10B2-4336-9443-6FD1670DBE94}
		{E3612E1B-FC0F-4764-A253-F375AFDB143A} = {7E6ABBE3-950F-402E-A7D4-29A07D043D49}
		{10267D2A-43FA-49C1-80D2-9FBFB8EE5EBC} = {568F94BE-8A0E-4AC1-B1C7-450245601794}
		{7E6C1D5E-7585-4708-AA65-00BBAFC0216B} = {568F94BE-8A0E-4AC1-B1C7-450245601794}
		{20B332CA-10B2-4336-9443-6FD1670DBE94} = {AE65694A-005A-4870-9E01-21229B5C86A5}
		{1CE32712-5BA9-448E-BF44-E4A2CDDBC042} = {F7C4D9B6-3EA9-4EDE-BF16-DCC1FA28D23A}
		{B0D1340D-25DA-451A-9421-8B312F21AC9D} = {1CE32712-5BA9-448E-BF44-E4A2CDDBC042}
		{66CC5826-31EC-4428-B05A-5BCD7A0D5A34} = {1CE32712-5BA9-448E-BF44-E4A2CDDBC042}
		{25EE39E0-4E11-4D2A-BD76-969DD572DE6F} = {1CE32712-5BA9-448E-BF44-E4A2CDDBC042}
	EndGlobalSection
	GlobalSection(ExtensibilityGlobals) = postSolution
		SolutionGuid = {344C8E0D-7732-495A-8E52-7BBA1FD1C243}
	EndGlobalSection
EndGlobal
